# THIS IS AN AUTOGENERATED FILE. DO NOT EDIT THIS FILE DIRECTLY.
# yarn lockfile v1


"@babel/runtime@^7.13.10":
  version "7.13.10"
  resolved "https://registry.yarnpkg.com/@babel/runtime/-/runtime-7.13.10.tgz#47d42a57b6095f4468da440388fdbad8bebf0d7d"
  integrity sha512-4QPkjJq6Ns3V/RgpEahRk+AGfL0eO6RHHtTWoNNr5mO49G6B5+X6d6THgWEAvTrznU5xYpbAlVKRYcsCgh/Akw==
  dependencies:
    regenerator-runtime "^0.13.4"

"@radix-ui/popper@0.1.0":
  version "0.1.0"
  resolved "https://registry.yarnpkg.com/@radix-ui/popper/-/popper-0.1.0.tgz#c387a38f31b7799e1ea0d2bb1ca0c91c2931b063"
  integrity sha512-uzYeElL3w7SeNMuQpXiFlBhTT+JyaNMCwDfjKkrzugEcYrf5n52PHqncNdQPUtR42hJh8V9FsqyEDbDxkeNjJQ==
  dependencies:
    "@babel/runtime" "^7.13.10"
    csstype "^3.0.4"

"@radix-ui/primitive@0.1.0":
  version "0.1.0"
  resolved "https://registry.yarnpkg.com/@radix-ui/primitive/-/primitive-0.1.0.tgz#6206b97d379994f0d1929809db035733b337e543"
  integrity sha512-tqxZKybwN5Fa3VzZry4G6mXAAb9aAqKmPtnVbZpL0vsBwvOHTBwsjHVPXylocYLwEtBY9SCe665bYnNB515uoA==
  dependencies:
    "@babel/runtime" "^7.13.10"

"@radix-ui/react-accessible-icon@^0.1.0":
  version "0.1.0"
  resolved "https://registry.yarnpkg.com/@radix-ui/react-accessible-icon/-/react-accessible-icon-0.1.0.tgz#9de29a547600331ad9defbfc8c172509bef6c880"
  integrity sha512-toxwCPvoNYL++WXBxyUPpM/H4UkGJUNUrCVAgNmuW3Qn8gc8DB0frP6w3NMN2NaGm4bLTP2FLoXweUx4mHZMYA==
  dependencies:
    "@babel/runtime" "^7.13.10"
    "@radix-ui/react-visually-hidden" "0.1.0"

"@radix-ui/react-arrow@0.1.0":
  version "0.1.0"
  resolved "https://registry.yarnpkg.com/@radix-ui/react-arrow/-/react-arrow-0.1.0.tgz#9491f7244c574c0a7a281de8bf8c55b85438948d"
  integrity sha512-BfrFYTOEVjG7lukoXcveEVgNl6+hvKdMlxXQhQrkZxNYBq6TuJ2VRWfcWzCPJNbVv09g2NXoh2cBGWCLMVH1nQ==
  dependencies:
    "@babel/runtime" "^7.13.10"
    "@radix-ui/react-primitive" "0.1.0"

"@radix-ui/react-collection@0.1.0":
  version "0.1.0"
  resolved "https://registry.yarnpkg.com/@radix-ui/react-collection/-/react-collection-0.1.0.tgz#0a82b4df4987e10c6ba0a9c4c312dbccd345b7ec"
  integrity sha512-7rA4o4Y4GSULTqVrUwKOO/9Ih2EsrDKFWz7IYQ2hWot0OEoxP6qJXFNxSDyVKnfvpQutFKPZXoKsh1VmtjQFFA==
  dependencies:
    "@babel/runtime" "^7.13.10"
    "@radix-ui/react-compose-refs" "0.1.0"
    "@radix-ui/react-primitive" "0.1.0"
    "@radix-ui/react-slot" "0.1.0"

"@radix-ui/react-compose-refs@0.1.0":
  version "0.1.0"
  resolved "https://registry.yarnpkg.com/@radix-ui/react-compose-refs/-/react-compose-refs-0.1.0.tgz#cff6e780a0f73778b976acff2c2a5b6551caab95"
  integrity sha512-eyclbh+b77k+69Dk72q3694OHrn9B3QsoIRx7ywX341U9RK1ThgQjMFZoPtmZNQTksXHLNEiefR8hGVeFyInGg==
  dependencies:
    "@babel/runtime" "^7.13.10"

"@radix-ui/react-context@0.1.0":
  version "0.1.0"
  resolved "https://registry.yarnpkg.com/@radix-ui/react-context/-/react-context-0.1.0.tgz#670a7a2a63f8380a7cb5ff0bce87d51bdb065c5c"
  integrity sha512-o8h7SP6ePEBLC33BsHiuFqW898c+wiyBiY2ZC2xFJUUnHj1Z6XrQdZCNjm3/VuhljMkPrIA5xC4swVWBo/gzOA==
  dependencies:
    "@babel/runtime" "^7.13.10"

"@radix-ui/react-dialog@^0.1.0":
  version "0.1.0"
  resolved "https://registry.yarnpkg.com/@radix-ui/react-dialog/-/react-dialog-0.1.0.tgz#1e0471e03abc9012f2a2dc1644f7e844ccf44c94"
  integrity sha512-yy833v6mSkqlhdDR7R0+sZJZd5OyEzsjeJfAuJoWRMSW2/2S78vTUgk1sRTXzT+6unoQOQ9teevURNjwAfX0Ug==
  dependencies:
    "@babel/runtime" "^7.13.10"
    "@radix-ui/primitive" "0.1.0"
    "@radix-ui/react-compose-refs" "0.1.0"
    "@radix-ui/react-context" "0.1.0"
    "@radix-ui/react-dismissable-layer" "0.1.0"
    "@radix-ui/react-focus-guards" "0.1.0"
    "@radix-ui/react-focus-scope" "0.1.0"
    "@radix-ui/react-id" "0.1.0"
    "@radix-ui/react-portal" "0.1.0"
    "@radix-ui/react-presence" "0.1.0"
    "@radix-ui/react-primitive" "0.1.0"
    "@radix-ui/react-use-controllable-state" "0.1.0"
    aria-hidden "^1.1.1"
    react-remove-scroll "^2.4.0"

"@radix-ui/react-dismissable-layer@0.1.0":
  version "0.1.0"
  resolved "https://registry.yarnpkg.com/@radix-ui/react-dismissable-layer/-/react-dismissable-layer-0.1.0.tgz#ab2ec7490a56f7b46afa8dea08d109b9e4643c3b"
  integrity sha512-xQSXEP7rHkAe0sY1Ggd9CS0IuYXhjks0e+mtPu6LgJBXhlOTDVj4MeJC8fKAP+H1sKMygcrEEagb6M5GXEDvzg==
  dependencies:
    "@babel/runtime" "^7.13.10"
    "@radix-ui/primitive" "0.1.0"
    "@radix-ui/react-primitive" "0.1.0"
    "@radix-ui/react-use-body-pointer-events" "0.1.0"
    "@radix-ui/react-use-callback-ref" "0.1.0"
    "@radix-ui/react-use-escape-keydown" "0.1.0"

"@radix-ui/react-dropdown-menu@^0.1.0":
  version "0.1.0"
  resolved "https://registry.yarnpkg.com/@radix-ui/react-dropdown-menu/-/react-dropdown-menu-0.1.0.tgz#797f42ebc11a8342a082f654663a9c410dbafd16"
  integrity sha512-sf/9yvmyF6hSGr8UoQ0fZibh2mEJDhmECOCZmwbA1B30oKk7dfMUcr1tHM5nnpCXUj3T5CmWLEiKc9h5BpPbuQ==
  dependencies:
    "@babel/runtime" "^7.13.10"
    "@radix-ui/primitive" "0.1.0"
    "@radix-ui/react-compose-refs" "0.1.0"
    "@radix-ui/react-context" "0.1.0"
    "@radix-ui/react-id" "0.1.0"
    "@radix-ui/react-menu" "0.1.0"
    "@radix-ui/react-primitive" "0.1.0"
    "@radix-ui/react-use-controllable-state" "0.1.0"

"@radix-ui/react-focus-guards@0.1.0":
  version "0.1.0"
  resolved "https://registry.yarnpkg.com/@radix-ui/react-focus-guards/-/react-focus-guards-0.1.0.tgz#ba3b6f902cba7826569f8edc21ff8223dece7def"
  integrity sha512-kRx/swAjEfBpQ3ns7J3H4uxpXuWCqN7MpALiSDOXiyo2vkWv0L9sxvbpZeTulINuE3CGMzicVMuNc/VWXjFKOg==
  dependencies:
    "@babel/runtime" "^7.13.10"

"@radix-ui/react-focus-scope@0.1.0":
  version "0.1.0"
  resolved "https://registry.yarnpkg.com/@radix-ui/react-focus-scope/-/react-focus-scope-0.1.0.tgz#24cb6433b4b5c733cdadc34cf36f9cd01ab9beb1"
  integrity sha512-lquiYfEnkpqLDR9oO/h78OAY73jedZHVlBHJi2RZeSg3YM1UyyyGx+adZD+VWNphA/oEQG/RE5b7DteF4hhG8Q==
  dependencies:
    "@babel/runtime" "^7.13.10"
    "@radix-ui/react-compose-refs" "0.1.0"
    "@radix-ui/react-primitive" "0.1.0"
    "@radix-ui/react-use-callback-ref" "0.1.0"

"@radix-ui/react-id@0.1.0", "@radix-ui/react-id@^0.1.0":
  version "0.1.0"
  resolved "https://registry.yarnpkg.com/@radix-ui/react-id/-/react-id-0.1.0.tgz#d01067520fb8f4b09da3f914bfe6cb0f88c26721"
  integrity sha512-SubMSz7rAtl6w8qZ9YBRbDe9GjW36JugBsc6aYqng8tFydvNtkuBMj86zN/x5QiomMo+r8ylBVvuWzRkS0WbBA==
  dependencies:
    "@babel/runtime" "^7.13.10"

"@radix-ui/react-label@^0.1.0":
  version "0.1.0"
  resolved "https://registry.yarnpkg.com/@radix-ui/react-label/-/react-label-0.1.0.tgz#2f460b4422a87097ae7cc0b4567a7ae5f269979a"
  integrity sha512-YZObxcY/JKmA1Zzs+mT97Dc65r4IYv95hlW7RQeIyrR1+EMQAsZR0Fu9HbQAvgAd0macb8fg25uOeq3nCV0DRQ==
  dependencies:
    "@babel/runtime" "^7.13.10"
    "@radix-ui/react-compose-refs" "0.1.0"
    "@radix-ui/react-id" "0.1.0"
    "@radix-ui/react-primitive" "0.1.0"

"@radix-ui/react-menu@0.1.0":
  version "0.1.0"
  resolved "https://registry.yarnpkg.com/@radix-ui/react-menu/-/react-menu-0.1.0.tgz#a5b311b075188efde190f8bce03d9208a645cb38"
  integrity sha512-X3MV/2lilobgHoQHtmrHcNk1yLj1adDKn1bgFw8wbmf4bKkstVK7NnLDOZoW9Yn/5d+4JJd5db5NIzgVEuRixw==
  dependencies:
    "@babel/runtime" "^7.13.10"
    "@radix-ui/primitive" "0.1.0"
    "@radix-ui/react-collection" "0.1.0"
    "@radix-ui/react-compose-refs" "0.1.0"
    "@radix-ui/react-context" "0.1.0"
    "@radix-ui/react-dismissable-layer" "0.1.0"
    "@radix-ui/react-focus-guards" "0.1.0"
    "@radix-ui/react-focus-scope" "0.1.0"
    "@radix-ui/react-id" "0.1.0"
    "@radix-ui/react-popper" "0.1.0"
    "@radix-ui/react-portal" "0.1.0"
    "@radix-ui/react-presence" "0.1.0"
    "@radix-ui/react-primitive" "0.1.0"
    "@radix-ui/react-roving-focus" "0.1.0"
    "@radix-ui/react-use-callback-ref" "0.1.0"
    "@radix-ui/react-use-direction" "0.1.0"
    aria-hidden "^1.1.1"
    react-remove-scroll "^2.4.0"

"@radix-ui/react-polymorphic@^0.0.14":
  version "0.0.14"
  resolved "https://registry.yarnpkg.com/@radix-ui/react-polymorphic/-/react-polymorphic-0.0.14.tgz#fc6cefee6686db8c5a7ff14c8c1b9b5abdee325b"
  integrity sha512-9nsMZEDU3LeIUeHJrpkkhZVxu/9Fc7P2g2I3WR+uA9mTbNC3hGaabi0dV6wg0CfHb+m4nSs1pejbE/5no3MJTA==

"@radix-ui/react-popper@0.1.0":
  version "0.1.0"
  resolved "https://registry.yarnpkg.com/@radix-ui/react-popper/-/react-popper-0.1.0.tgz#5b41c806870c51562ca7dbfc137bdfe8c8eeb761"
  integrity sha512-WfNSqAA5caPv7zJD+LPMoIBiNW7rsbyzt903NFYpd0cHDweprYdAWTAtXvjjY2wb193UVTGkJUAWwYz3f0ku7A==
  dependencies:
    "@babel/runtime" "^7.13.10"
    "@radix-ui/popper" "0.1.0"
    "@radix-ui/react-arrow" "0.1.0"
    "@radix-ui/react-compose-refs" "0.1.0"
    "@radix-ui/react-context" "0.1.0"
    "@radix-ui/react-primitive" "0.1.0"
    "@radix-ui/react-use-rect" "0.1.0"
    "@radix-ui/react-use-size" "0.1.0"
    "@radix-ui/rect" "0.1.0"

"@radix-ui/react-portal@0.1.0":
  version "0.1.0"
  resolved "https://registry.yarnpkg.com/@radix-ui/react-portal/-/react-portal-0.1.0.tgz#5f72fa2f9837df9a5e27ca9ff7a63393ff8e1f0b"
  integrity sha512-HiSDaQVlhoZWvp5Wy0JPPojqo31Z3efs890oyYkpKgRDWDdMYHzEWYZxC7pB60a6c6yM5JzjJc0bP7o6bye+/Q==
  dependencies:
    "@babel/runtime" "^7.13.10"
    "@radix-ui/react-primitive" "0.1.0"
    "@radix-ui/react-use-layout-effect" "0.1.0"

"@radix-ui/react-presence@0.1.0":
  version "0.1.0"
  resolved "https://registry.yarnpkg.com/@radix-ui/react-presence/-/react-presence-0.1.0.tgz#e7931009cbaa383f17be7d9863da9f0424efae7b"
  integrity sha512-MIj5dywsSB1mWi7f9EqsxNoR5hfIScquYANbMdRmzxqNQzq2UrO8GEhOMXPo99YssdfpK9d0Pc9nLNwsFyq5Eg==
  dependencies:
    "@babel/runtime" "^7.13.10"
    "@radix-ui/react-compose-refs" "0.1.0"
    "@radix-ui/react-use-layout-effect" "0.1.0"

"@radix-ui/react-primitive@0.1.0":
  version "0.1.0"
  resolved "https://registry.yarnpkg.com/@radix-ui/react-primitive/-/react-primitive-0.1.0.tgz#4e6fb04ede36845cf3a061311a4f879c2051c1c5"
  integrity sha512-ydO24k5Cvry5RCMfm5OJNnIwvxSIUuUZ3Kf6bu1GaSsDfBKiv5JeuQkipURW28KlX7I85Jr/I02JlE+Ec4HmWA==
  dependencies:
    "@babel/runtime" "^7.13.10"
    "@radix-ui/react-slot" "0.1.0"

"@radix-ui/react-progress@^0.1.0":
  version "0.1.0"
  resolved "https://registry.yarnpkg.com/@radix-ui/react-progress/-/react-progress-0.1.0.tgz#81648afba17e829678688e96b5ee6d5baddd5b67"
  integrity sha512-GxMYu0CqebSr81T0TkDfHfmeJi/5l1pRo9+thslcA9OocYU+5GNPGMVOZqIekrxQiPKJ9uWsjiYWhdSAXCM2bg==
  dependencies:
    "@babel/runtime" "^7.13.10"
    "@radix-ui/react-context" "0.1.0"
    "@radix-ui/react-primitive" "0.1.0"

"@radix-ui/react-roving-focus@0.1.0":
  version "0.1.0"
  resolved "https://registry.yarnpkg.com/@radix-ui/react-roving-focus/-/react-roving-focus-0.1.0.tgz#af0921f143eb1811307fbdb8ac274011335c85a3"
  integrity sha512-bCJLjsMRG1tgYcvvMSQOYvgz12NtXJegrsbD8oPdMc4JUY2bcGW+3DkGBoHfbnyL+rvO0DQurLN7fkZEHGbNrA==
  dependencies:
    "@babel/runtime" "^7.13.10"
    "@radix-ui/primitive" "0.1.0"
    "@radix-ui/react-collection" "0.1.0"
    "@radix-ui/react-compose-refs" "0.1.0"
    "@radix-ui/react-context" "0.1.0"
    "@radix-ui/react-id" "0.1.0"
    "@radix-ui/react-primitive" "0.1.0"
    "@radix-ui/react-use-callback-ref" "0.1.0"
    "@radix-ui/react-use-controllable-state" "0.1.0"

"@radix-ui/react-separator@^0.1.0":
  version "0.1.0"
  resolved "https://registry.yarnpkg.com/@radix-ui/react-separator/-/react-separator-0.1.0.tgz#fb27eceed24a82375c8fee164cd80db8db9beb84"
  integrity sha512-TxA93lNQB6ZLjAit2juo38ow4BVcF+BjgDbsh2+rWW4AQcxXDwbKXA4962PSxtXTnoQER5fJY2Y0OR97CFx7Zg==
  dependencies:
    "@babel/runtime" "^7.13.10"
    "@radix-ui/react-primitive" "0.1.0"

"@radix-ui/react-slot@0.1.0":
  version "0.1.0"
  resolved "https://registry.yarnpkg.com/@radix-ui/react-slot/-/react-slot-0.1.0.tgz#56965f2af80576f9e3fcdbba839ef7fccbd3b577"
  integrity sha512-ZuvAUhSK9EAE42b3+K7k7w4nF1uF+Wd4bFj2OCE1aSiW3tgiu7ZU+J61m2+RIDps0WLu95PUx6eZrnpfqBXFRg==
  dependencies:
    "@babel/runtime" "^7.13.10"
    "@radix-ui/react-compose-refs" "0.1.0"

"@radix-ui/react-use-body-pointer-events@0.1.0":
  version "0.1.0"
  resolved "https://registry.yarnpkg.com/@radix-ui/react-use-body-pointer-events/-/react-use-body-pointer-events-0.1.0.tgz#29b211464493f8ca5149ce34b96b95abbc97d741"
  integrity sha512-svPyoHCcwOq/vpWNEvdH/yD91vN9p8BtiozNQbjVmJRxQ/vS12zqk70AxTGWe+2ZKHq2sggpEQNTv1JHyVFlnQ==
  dependencies:
    "@babel/runtime" "^7.13.10"
    "@radix-ui/react-use-layout-effect" "0.1.0"

"@radix-ui/react-use-callback-ref@0.1.0":
  version "0.1.0"
  resolved "https://registry.yarnpkg.com/@radix-ui/react-use-callback-ref/-/react-use-callback-ref-0.1.0.tgz#934b6e123330f5b3a6b116460e6662cbc663493f"
  integrity sha512-Va041McOFFl+aV+sejvl0BS2aeHx86ND9X/rVFmEFQKTXCp6xgUK0NGUAGcgBlIjnJSbMYPGEk1xKSSlVcN2Aw==
  dependencies:
    "@babel/runtime" "^7.13.10"

"@radix-ui/react-use-controllable-state@0.1.0":
  version "0.1.0"
  resolved "https://registry.yarnpkg.com/@radix-ui/react-use-controllable-state/-/react-use-controllable-state-0.1.0.tgz#4fced164acfc69a4e34fb9d193afdab973a55de1"
  integrity sha512-zv7CX/PgsRl46a52Tl45TwqwVJdmqnlQEQhaYMz/yBOD2sx2gCkCFSoF/z9mpnYWmS6DTLNTg5lIps3fV6EnXg==
  dependencies:
    "@babel/runtime" "^7.13.10"
    "@radix-ui/react-use-callback-ref" "0.1.0"

"@radix-ui/react-use-direction@0.1.0":
  version "0.1.0"
  resolved "https://registry.yarnpkg.com/@radix-ui/react-use-direction/-/react-use-direction-0.1.0.tgz#97ac1d52e497c974389e7988f809238ed72e7df7"
  integrity sha512-NajpY/An9TCPSfOVkgWIdXJV+VuWl67PxB6kOKYmtNAFHvObzIoh8o0n9sAuwSAyFCZVq211FEf9gvVDRhOyiA==
  dependencies:
    "@babel/runtime" "^7.13.10"

"@radix-ui/react-use-escape-keydown@0.1.0":
  version "0.1.0"
  resolved "https://registry.yarnpkg.com/@radix-ui/react-use-escape-keydown/-/react-use-escape-keydown-0.1.0.tgz#dc80cb3753e9d1bd992adbad9a149fb6ea941874"
  integrity sha512-tDLZbTGFmvXaazUXXv8kYbiCcbAE8yKgng9s95d8fCO+Eundv0Jngbn/hKPhDDs4jj9ChwRX5cDDnlaN+ugYYQ==
  dependencies:
    "@babel/runtime" "^7.13.10"
    "@radix-ui/react-use-callback-ref" "0.1.0"

"@radix-ui/react-use-layout-effect@0.1.0":
  version "0.1.0"
  resolved "https://registry.yarnpkg.com/@radix-ui/react-use-layout-effect/-/react-use-layout-effect-0.1.0.tgz#ebf71bd6d2825de8f1fbb984abf2293823f0f223"
  integrity sha512-+wdeS51Y+E1q1Wmd+1xSSbesZkpVj4jsg0BojCbopWvgq5iBvixw5vgemscdh58ep98BwUbsFYnrywFhV9yrVg==
  dependencies:
    "@babel/runtime" "^7.13.10"

"@radix-ui/react-use-rect@0.1.0":
  version "0.1.0"
  resolved "https://registry.yarnpkg.com/@radix-ui/react-use-rect/-/react-use-rect-0.1.0.tgz#074defa995c104e66319817c0b57ddbe3a22d53e"
  integrity sha512-BTj9vMz336G3ukxCOb3QLC1oEOtGrWKPTdEG0pFEw75jyg360rLsfuydYemOtGFPVamXL9Pxo9JCwMcxLWdUlA==
  dependencies:
    "@babel/runtime" "^7.13.10"
    "@radix-ui/rect" "0.1.0"

"@radix-ui/react-use-size@0.1.0":
  version "0.1.0"
  resolved "https://registry.yarnpkg.com/@radix-ui/react-use-size/-/react-use-size-0.1.0.tgz#dc49295d646f5d3f570943dbb88bd94fc7db7daf"
  integrity sha512-TcZAsR+BYI46w/RbaSFCRACl+Jh6mDqhu6GS2r0iuJpIVrj8atff7qtTjmMmfGtEDNEjhl7DxN3pr1nTS/oruQ==
  dependencies:
    "@babel/runtime" "^7.13.10"

"@radix-ui/react-visually-hidden@0.1.0", "@radix-ui/react-visually-hidden@^0.1.0":
  version "0.1.0"
  resolved "https://registry.yarnpkg.com/@radix-ui/react-visually-hidden/-/react-visually-hidden-0.1.0.tgz#94d546c0507c4140bb369803a66fe557edf12897"
  integrity sha512-PS1SNgcx79ZOq+IiHJZNL0aNNl5ygYKQ8DI+7+xK+PlLyA6KpVEhk7D9VMyWUygWWqE6trOgcOG0AyuhnLlmjQ==
  dependencies:
    "@babel/runtime" "^7.13.10"
    "@radix-ui/react-primitive" "0.1.0"

"@radix-ui/rect@0.1.0":
  version "0.1.0"
  resolved "https://registry.yarnpkg.com/@radix-ui/rect/-/rect-0.1.0.tgz#6e4becf9f0161bae08a40a8a13185e6bcac9b185"
  integrity sha512-YcQuy5hUDnS8CkmIKJA6lE8wQpMqv8KN3SoO3dtOg7FQmZo1lgF1yAtrp5STJYxs1n7UChW3eEhrKXl/LmbHJQ==
  dependencies:
    "@babel/runtime" "^7.13.10"

"@stitches/react@^1.2.5":
  version "1.2.5"
  resolved "https://registry.yarnpkg.com/@stitches/react/-/react-1.2.5.tgz#2353343c220f0c59ba388a26fdd9ff7962cb6031"
  integrity sha512-95Wwjp5cvoYQjg616OBiHZM1PnIF51pnFQIgSPxPzS/xXBrer9sNO1tfpVfLYfOifvuotse2IFNbypJ92BXzvg==

"@types/prop-types@*":
  version "15.7.3"
  resolved "https://registry.yarnpkg.com/@types/prop-types/-/prop-types-15.7.3.tgz#2ab0d5da2e5815f94b0b9d4b95d1e5f243ab2ca7"
  integrity sha512-KfRL3PuHmqQLOG+2tGpRO26Ctg+Cq1E01D2DMriKEATHgWLfeNDmq9e29Q9WIky0dQ3NPkd1mzYH8Lm936Z9qw==

"@types/react-dom@^17.0.1":
  version "17.0.1"
  resolved "https://registry.yarnpkg.com/@types/react-dom/-/react-dom-17.0.1.tgz#d92d77d020bfb083e07cc8e0ac9f933599a4d56a"
  integrity sha512-yIVyopxQb8IDZ7SOHeTovurFq+fXiPICa+GV3gp0Xedsl+MwQlMLKmvrnEjFbQxjliH5YVAEWFh975eVNmKj7Q==
  dependencies:
    "@types/react" "*"

"@types/react@*", "@types/react@^17.0.2":
  version "17.0.2"
  resolved "https://registry.yarnpkg.com/@types/react/-/react-17.0.2.tgz#3de24c4efef902dd9795a49c75f760cbe4f7a5a8"
  integrity sha512-Xt40xQsrkdvjn1EyWe1Bc0dJLcil/9x2vAuW7ya+PuQip4UYUaXyhzWmAbwRsdMgwOFHpfp7/FFZebDU6Y8VHA==
  dependencies:
    "@types/prop-types" "*"
    csstype "^3.0.2"

aria-hidden@^1.1.1:
  version "1.1.2"
  resolved "https://registry.yarnpkg.com/aria-hidden/-/aria-hidden-1.1.2.tgz#5354315a29bffdaced3993fccd826817dc8c5272"
  integrity sha512-WAMH9q3vRimVqP+B0q2eDvx7IPDoY17A2fWwj5atTA/zTYJCNcS6HJ5YErZ5FO3PUHhrV0y0yR1NA0dRNm913A==
  dependencies:
    tslib "^1.0.0"

csstype@^3.0.2:
  version "3.0.6"
  resolved "https://registry.yarnpkg.com/csstype/-/csstype-3.0.6.tgz#865d0b5833d7d8d40f4e5b8a6d76aea3de4725ef"
  integrity sha512-+ZAmfyWMT7TiIlzdqJgjMb7S4f1beorDbWbsocyK4RaiqA5RTX3K14bnBWmmA9QEM0gRdsjyyrEmcyga8Zsxmw==

csstype@^3.0.4:
  version "3.0.7"
  resolved "https://registry.yarnpkg.com/csstype/-/csstype-3.0.7.tgz#2a5fb75e1015e84dd15692f71e89a1450290950b"
  integrity sha512-KxnUB0ZMlnUWCsx2Z8MUsr6qV6ja1w9ArPErJaJaF8a5SOWoHLIszeCTKGRGRgtLgYrs1E8CHkNSP1VZTTPc9g==

detect-node-es@^1.0.0:
  version "1.0.0"
  resolved "https://registry.yarnpkg.com/detect-node-es/-/detect-node-es-1.0.0.tgz#c0318b9e539a5256ca780dd9575c9345af05b8ed"
  integrity sha512-S4AHriUkTX9FoFvL4G8hXDcx6t3gp2HpfCza3Q0v6S78gul2hKWifLQbeW+ZF89+hSm2ZIc/uF3J97ZgytgTRg==

get-nonce@^1.0.0:
  version "1.0.1"
  resolved "https://registry.yarnpkg.com/get-nonce/-/get-nonce-1.0.1.tgz#fdf3f0278073820d2ce9426c18f07481b1e0cdf3"
  integrity sha512-FJhYRoDaiatfEkUK8HKlicmu/3SGFD51q3itKDGoSTysQJBnfOcxU5GxnhE1E6soB76MbT0MBtnKJuXyAx+96Q==

invariant@^2.2.4:
  version "2.2.4"
  resolved "https://registry.yarnpkg.com/invariant/-/invariant-2.2.4.tgz#610f3c92c9359ce1db616e538008d23ff35158e6"
  integrity sha512-phJfQVBuaJM5raOpJjSfkiD6BpbCE4Ns//LaXl6wGYtUBY83nWS6Rf9tXm2e8VaK60JEjYldbPif/A2B1C2gNA==
  dependencies:
    loose-envify "^1.0.0"

"js-tokens@^3.0.0 || ^4.0.0":
  version "4.0.0"
  resolved "https://registry.yarnpkg.com/js-tokens/-/js-tokens-4.0.0.tgz#19203fb59991df98e3a287050d4647cdeaf32499"
  integrity sha512-RdJUflcE3cUzKiMqQgsCu06FPu9UdIJO0beYbPhHN4k6apgJtifcoCtT9bcxOpYBtpD2kCM6Sbzg4CausW/PKQ==

loose-envify@^1.0.0, loose-envify@^1.1.0:
  version "1.4.0"
  resolved "https://registry.yarnpkg.com/loose-envify/-/loose-envify-1.4.0.tgz#71ee51fa7be4caec1a63839f7e682d8132d30caf"
  integrity sha512-lyuxPGr/Wfhrlem2CL/UcnUc1zcqKAImBDzukY7Y5F/yQiNdko6+fRLevlw1HgMySw7f611UIY408EtxRSoK3Q==
  dependencies:
    js-tokens "^3.0.0 || ^4.0.0"

object-assign@^4.1.1:
  version "4.1.1"
  resolved "https://registry.yarnpkg.com/object-assign/-/object-assign-4.1.1.tgz#2109adc7965887cfc05cbbd442cac8bfbb360863"
  integrity sha1-IQmtx5ZYh8/AXLvUQsrIv7s2CGM=

react-dom@^17.0.1:
  version "17.0.1"
  resolved "https://registry.yarnpkg.com/react-dom/-/react-dom-17.0.1.tgz#1de2560474ec9f0e334285662ede52dbc5426fc6"
  integrity sha512-6eV150oJZ9U2t9svnsspTMrWNyHc6chX0KzDeAOXftRa8bNeOKTTfCJ7KorIwenkHd2xqVTBTCZd79yk/lx/Ug==
  dependencies:
    loose-envify "^1.1.0"
    object-assign "^4.1.1"
    scheduler "^0.20.1"

react-remove-scroll-bar@^2.1.0:
  version "2.2.0"
  resolved "https://registry.yarnpkg.com/react-remove-scroll-bar/-/react-remove-scroll-bar-2.2.0.tgz#d4d545a7df024f75d67e151499a6ab5ac97c8cdd"
  integrity sha512-UU9ZBP1wdMR8qoUs7owiVcpaPwsQxUDC2lypP6mmixaGlARZa7ZIBx1jcuObLdhMOvCsnZcvetOho0wzPa9PYg==
  dependencies:
    react-style-singleton "^2.1.0"
    tslib "^1.0.0"

react-remove-scroll@^2.4.0:
  version "2.4.1"
  resolved "https://registry.yarnpkg.com/react-remove-scroll/-/react-remove-scroll-2.4.1.tgz#e0af6126621083a5064591d367291a81b2d107f5"
  integrity sha512-K7XZySEzOHMTq7dDwcHsZA6Y7/1uX5RsWhRXVYv8rdh+y9Qz2nMwl9RX/Mwnj/j7JstCGmxyfyC0zbVGXYh3mA==
  dependencies:
    react-remove-scroll-bar "^2.1.0"
    react-style-singleton "^2.1.0"
    tslib "^1.0.0"
    use-callback-ref "^1.2.3"
    use-sidecar "^1.0.1"

react-style-singleton@^2.1.0:
  version "2.1.1"
  resolved "https://registry.yarnpkg.com/react-style-singleton/-/react-style-singleton-2.1.1.tgz#ce7f90b67618be2b6b94902a30aaea152ce52e66"
  integrity sha512-jNRp07Jza6CBqdRKNgGhT3u9umWvils1xsuMOjZlghBDH2MU0PL2WZor4PGYjXpnRCa9DQSlHMs/xnABWOwYbA==
  dependencies:
    get-nonce "^1.0.0"
    invariant "^2.2.4"
    tslib "^1.0.0"

react@^17.0.1:
  version "17.0.1"
  resolved "https://registry.yarnpkg.com/react/-/react-17.0.1.tgz#6e0600416bd57574e3f86d92edba3d9008726127"
  integrity sha512-lG9c9UuMHdcAexXtigOZLX8exLWkW0Ku29qPRU8uhF2R9BN96dLCt0psvzPLlHc5OWkgymP3qwTRgbnw5BKx3w==
  dependencies:
    loose-envify "^1.1.0"
    object-assign "^4.1.1"

regenerator-runtime@^0.13.4:
  version "0.13.7"
  resolved "https://registry.yarnpkg.com/regenerator-runtime/-/regenerator-runtime-0.13.7.tgz#cac2dacc8a1ea675feaabaeb8ae833898ae46f55"
  integrity sha512-a54FxoJDIr27pgf7IgeQGxmqUNYrcV338lf/6gH456HZ/PhX+5BcwHXG9ajESmwe6WRO0tAzRUrRmNONWgkrew==

scheduler@^0.20.1:
  version "0.20.1"
  resolved "https://registry.yarnpkg.com/scheduler/-/scheduler-0.20.1.tgz#da0b907e24026b01181ecbc75efdc7f27b5a000c"
  integrity sha512-LKTe+2xNJBNxu/QhHvDR14wUXHRQbVY5ZOYpOGWRzhydZUqrLb2JBvLPY7cAqFmqrWuDED0Mjk7013SZiOz6Bw==
  dependencies:
    loose-envify "^1.1.0"
    object-assign "^4.1.1"

tslib@^1.0.0, tslib@^1.9.3:
  version "1.14.1"
  resolved "https://registry.yarnpkg.com/tslib/-/tslib-1.14.1.tgz#cf2d38bdc34a134bcaf1091c41f6619e2f672d00"
  integrity sha512-Xni35NKzjgMrwevysHTCArtLDpPvye8zV/0E4EyYn43P7/7qvQwPh9BGkHewbMulVntbigmcT7rdX3BNo9wRJg==

tslib@^2.1.0:
  version "2.1.0"
  resolved "https://registry.yarnpkg.com/tslib/-/tslib-2.1.0.tgz#da60860f1c2ecaa5703ab7d39bc05b6bf988b97a"
  integrity sha512-hcVC3wYEziELGGmEEXue7D75zbwIIVUMWAVbHItGPx0ziyXxrOMQx4rQEVEV45Ut/1IotuEvwqPopzIOkDMf0A==

typescript@^4.1.5:
  version "4.1.5"
  resolved "https://registry.yarnpkg.com/typescript/-/typescript-4.1.5.tgz#123a3b214aaff3be32926f0d8f1f6e704eb89a72"
  integrity sha512-6OSu9PTIzmn9TCDiovULTnET6BgXtDYL4Gg4szY+cGsc3JP1dQL8qvE8kShTRx1NIw4Q9IBHlwODjkjWEtMUyA==

use-callback-ref@^1.2.3:
  version "1.2.5"
  resolved "https://registry.yarnpkg.com/use-callback-ref/-/use-callback-ref-1.2.5.tgz#6115ed242cfbaed5915499c0a9842ca2912f38a5"
  integrity sha512-gN3vgMISAgacF7sqsLPByqoePooY3n2emTH59Ur5d/M8eg4WTWu1xp8i8DHjohftIyEx0S08RiYxbffr4j8Peg==

use-sidecar@^1.0.1:
  version "1.0.4"
  resolved "https://registry.yarnpkg.com/use-sidecar/-/use-sidecar-1.0.4.tgz#38398c3723727f9f924bed2343dfa3db6aaaee46"
  integrity sha512-A5ggIS3/qTdxCAlcy05anO2/oqXOfpmxnpRE1Jm+fHHtCvUvNSZDGqgOSAXPriBVAcw2fMFFkh5v5KqrFFhCMA==
  dependencies:
    detect-node-es "^1.0.0"
    tslib "^1.9.3"
