# THIS IS AN AUTOGENERATED FILE. DO NOT EDIT THIS FILE DIRECTLY.
# yarn lockfile v1


"@radix-ui/popper@0.0.4":
  version "0.0.4"
  resolved "https://registry.yarnpkg.com/@radix-ui/popper/-/popper-0.0.4.tgz#4fbab33309bec298263139c900e2b4c208e99629"
  integrity sha512-DFqKWVejXj7dtgvfwjKerD4oOW+avN4fdD1EtU1c7ML/8sBs5Yh+WuGV9z2mGOfkooAcdyspwATOG1XPnyr9Tw==
  dependencies:
    "@radix-ui/utils" "0.0.3"
    csstype "^3.0.4"

"@radix-ui/react-arrow@0.0.5":
  version "0.0.5"
  resolved "https://registry.yarnpkg.com/@radix-ui/react-arrow/-/react-arrow-0.0.5.tgz#f7f4a156c20262e0623a61904c49a62ccfbef55d"
  integrity sha512-lOJoQZDHjCUIywhch0ym+TJurXaogtanGIJT4Bua6MkGNyAz9KCCUhXyoJduFHJpSc1Z1KY95I6mo30OOT1M9A==
  dependencies:
    "@radix-ui/react-polymorphic" "0.0.5"
    "@radix-ui/react-primitive" "0.0.4"
    "@radix-ui/utils" "0.0.3"

"@radix-ui/react-dialog@^0.0.6":
  version "0.0.6"
  resolved "https://registry.yarnpkg.com/@radix-ui/react-dialog/-/react-dialog-0.0.6.tgz#d707fdbe6e8eb78449335b4fb392585bfafefec5"
  integrity sha512-3I3apYX04v+2dNP7XCA2hfl09NDas6BeqCFq8R9QUo196ozaQJLqJtTn+hcN0B3mNSBSV5HBTJ4nWa0MhPrLMw==
  dependencies:
    "@radix-ui/react-dismissable-layer" "0.0.5"
    "@radix-ui/react-focus-guards" "0.0.3"
    "@radix-ui/react-focus-scope" "0.0.5"
    "@radix-ui/react-polymorphic" "0.0.5"
    "@radix-ui/react-portal" "0.0.5"
    "@radix-ui/react-presence" "0.0.5"
    "@radix-ui/react-primitive" "0.0.4"
    "@radix-ui/react-utils" "0.0.5"
    "@radix-ui/utils" "0.0.3"
    aria-hidden "^1.1.1"
    react-remove-scroll "^2.4.0"

"@radix-ui/react-dismissable-layer@0.0.5":
  version "0.0.5"
  resolved "https://registry.yarnpkg.com/@radix-ui/react-dismissable-layer/-/react-dismissable-layer-0.0.5.tgz#4800828eac7b135a36ac5ce11a13b85e49f1b68f"
  integrity sha512-HxDG95uMAr8chlg4cSykA2K56hiBOfnyoJnGYdQ1dZkWnpRT94e9gIAMqrLXbMWgpdGKeVodwnD38ZA19GLdZA==
  dependencies:
    "@radix-ui/react-utils" "0.0.5"

"@radix-ui/react-dropdown-menu@^0.0.8":
  version "0.0.8"
  resolved "https://registry.yarnpkg.com/@radix-ui/react-dropdown-menu/-/react-dropdown-menu-0.0.8.tgz#1afe26017994ccfd8f6ef76477bfb412a187e79e"
  integrity sha512-zOEXrnUumAS5/mNJ4IqMZBOzb/trLsb+KmovDPdLmflmlKywmyKa6KkKbXnlCPRk6V56u1q36XwfZoc29K0owQ==
  dependencies:
    "@radix-ui/react-menu" "0.0.7"
    "@radix-ui/react-polymorphic" "0.0.5"
    "@radix-ui/react-primitive" "0.0.4"
    "@radix-ui/react-utils" "0.0.5"
    "@radix-ui/utils" "0.0.3"

"@radix-ui/react-focus-guards@0.0.3":
  version "0.0.3"
  resolved "https://registry.yarnpkg.com/@radix-ui/react-focus-guards/-/react-focus-guards-0.0.3.tgz#365e941db7688eb993660f1c30a218e59e0ad057"
  integrity sha512-b4w4CwWVFgy0wjzn9ahHgqaO8TA4WzDE5luwBRKtSUVSXA4jvcPbmbNbVLCVZlOoqjvKu2YAplemx6S/BmUZ4A==

"@radix-ui/react-focus-scope@0.0.5":
  version "0.0.5"
  resolved "https://registry.yarnpkg.com/@radix-ui/react-focus-scope/-/react-focus-scope-0.0.5.tgz#fecc26a083213bbde7cf2bf737a2117a9b846ce6"
  integrity sha512-2Vcox2YnitvQP9LW9rGZ8I+ibo7Xv/vTlwQpDPkEFFAcvDcOIdZRorV7AFLMTUynVb5rUO5rXWVl/9v+riCTOg==
  dependencies:
    "@radix-ui/react-utils" "0.0.5"
    "@radix-ui/utils" "0.0.3"

"@radix-ui/react-label@^0.0.5":
  version "0.0.5"
  resolved "https://registry.yarnpkg.com/@radix-ui/react-label/-/react-label-0.0.5.tgz#68d05c31ed5669190e09967026b8660a2f4cf736"
  integrity sha512-zc249n6Ak3GMxvEwljgJ0HVMOUKV3J4eaN84YdijotTeSX04H7b/e2f54oFJuiboaPpvTu32AiwciRKt00reQg==
  dependencies:
    "@radix-ui/react-polymorphic" "0.0.5"
    "@radix-ui/react-primitive" "0.0.4"
    "@radix-ui/react-utils" "0.0.5"
    "@radix-ui/utils" "0.0.3"

"@radix-ui/react-menu@0.0.7":
  version "0.0.7"
  resolved "https://registry.yarnpkg.com/@radix-ui/react-menu/-/react-menu-0.0.7.tgz#9131a7af1a95450a87a846822f3414fd723df724"
  integrity sha512-J7xOki1cZhK9kInGm4ummkLAVj6d3ME3N8QZ/jZKgzvtcOR94fmJfF7PrXFSXxae9Vf7pifyrokZy3/Xu1u2AA==
  dependencies:
    "@radix-ui/react-dismissable-layer" "0.0.5"
    "@radix-ui/react-focus-guards" "0.0.3"
    "@radix-ui/react-focus-scope" "0.0.5"
    "@radix-ui/react-polymorphic" "0.0.5"
    "@radix-ui/react-popper" "0.0.6"
    "@radix-ui/react-portal" "0.0.5"
    "@radix-ui/react-presence" "0.0.5"
    "@radix-ui/react-primitive" "0.0.4"
    "@radix-ui/react-roving-focus" "0.0.5"
    "@radix-ui/react-utils" "0.0.5"
    "@radix-ui/utils" "0.0.3"
    aria-hidden "^1.1.1"
    react-remove-scroll "^2.4.0"

"@radix-ui/react-polymorphic@0.0.5":
  version "0.0.5"
  resolved "https://registry.yarnpkg.com/@radix-ui/react-polymorphic/-/react-polymorphic-0.0.5.tgz#7742695d5a47c732b3c5f627dfcd037c03f07f5b"
  integrity sha512-XjAsBfFaa4FFYXZNPa9icHjDEqzvH+TVxQQwYJU2iY+6Ne1DhHXMLrGt/Vk0+BojMSPzg99NhjXROjQ4Fw30Hw==

"@radix-ui/react-popper@0.0.6":
  version "0.0.6"
  resolved "https://registry.yarnpkg.com/@radix-ui/react-popper/-/react-popper-0.0.6.tgz#e6dcc3f35b07c342b38252a5370a110da4c0ec06"
  integrity sha512-ivclu+yOM4Qwczdp5iCHUfpgEZYu5gdnCv1K11BY86wRMoH+LEGZWs03wrowVfRxpweFUBMekdrx+nx/5f6gdg==
  dependencies:
    "@radix-ui/popper" "0.0.4"
    "@radix-ui/react-arrow" "0.0.5"
    "@radix-ui/react-polymorphic" "0.0.5"
    "@radix-ui/react-primitive" "0.0.4"
    "@radix-ui/react-utils" "0.0.5"
    "@radix-ui/utils" "0.0.3"

"@radix-ui/react-portal@0.0.5":
  version "0.0.5"
  resolved "https://registry.yarnpkg.com/@radix-ui/react-portal/-/react-portal-0.0.5.tgz#3fe61a8a92dfd8d117b7a5ff12d69152647f930e"
  integrity sha512-LLo9hPSkDcz/By0Axh2iRZ0gBAzpyCPH1pVXJzjJCsi5ItAtvGGK6yenn1eQU/HOIZJhne4wi5+FSte24NpLWw==
  dependencies:
    "@radix-ui/react-polymorphic" "0.0.5"
    "@radix-ui/react-primitive" "0.0.4"
    "@radix-ui/react-utils" "0.0.5"
    "@radix-ui/utils" "0.0.3"

"@radix-ui/react-presence@0.0.5":
  version "0.0.5"
  resolved "https://registry.yarnpkg.com/@radix-ui/react-presence/-/react-presence-0.0.5.tgz#18661555b388f2d00db88921adf4a8b8e5369bb2"
  integrity sha512-r2jpfsz3P15RXgz6EdoUfLhAZCiss95/CF2RYQhIRROWQ/cKfNc4FpnD1mQxYry/UULcZ8RZ4UcyBkxLzzbLnQ==
  dependencies:
    "@radix-ui/react-utils" "0.0.5"
    "@xstate/fsm" "^1.5.1"

"@radix-ui/react-primitive@0.0.4":
  version "0.0.4"
  resolved "https://registry.yarnpkg.com/@radix-ui/react-primitive/-/react-primitive-0.0.4.tgz#c4ff716e8f5a57358beb75a3d447fefcd72c7a1b"
  integrity sha512-FRiGr6WJRQG7/9i7bUHiXmyS9hLsBrAbMbsaqapYR8VPYlJyAavkNi5sXBXUoWa/VJdeZPI8jUKe/CRZ2ye5Lw==
  dependencies:
    "@radix-ui/react-polymorphic" "0.0.5"
    "@radix-ui/utils" "0.0.3"

"@radix-ui/react-roving-focus@0.0.5":
  version "0.0.5"
  resolved "https://registry.yarnpkg.com/@radix-ui/react-roving-focus/-/react-roving-focus-0.0.5.tgz#ce92310bb154421f16df3df84e266f42b9b375ba"
  integrity sha512-+Esp3HJxoMGiTx0qn0DVAp2DTiEMpyMLLN2ijlr22dFSDihmVMQH1+VpHEZu6nhclkUx8o/3lXhrgxj6wSfILA==
  dependencies:
    "@radix-ui/react-utils" "0.0.5"
    "@radix-ui/utils" "0.0.3"

"@radix-ui/react-utils@0.0.5":
  version "0.0.5"
  resolved "https://registry.yarnpkg.com/@radix-ui/react-utils/-/react-utils-0.0.5.tgz#d312d4b3d1d1adb25f1ef284b6d1d861c572bb85"
  integrity sha512-OEPLfh8J6JH0Cqv3VrvI8NYQKX1nw0qVVNM14lYCgRGmAI49YrK51tcOIzqzdfuBkXLCX5QzrwK8//DjwoAbhQ==
  dependencies:
    "@radix-ui/react-polymorphic" "0.0.5"
    "@radix-ui/utils" "0.0.3"

"@radix-ui/utils@0.0.3":
  version "0.0.3"
  resolved "https://registry.yarnpkg.com/@radix-ui/utils/-/utils-0.0.3.tgz#f20dfa8a5681d778a579ad695fe68fe6a2c0ee88"
  integrity sha512-ruWffd3JjN8r+j8+LOIzTNEHzJsFcHOiSnQfl8KeBs+sCHGQgaI9IaRWxsaNXgrOYgPdBlZCbYG3qsLww2WR+w==

"@stitches/core@0.1.0-canary.12", "@stitches/core@^0.1.0-canary.12":
  version "0.1.0-canary.12"
  resolved "https://registry.yarnpkg.com/@stitches/core/-/core-0.1.0-canary.12.tgz#9254f5372607e57c2563d813907b972c5c411dcd"
  integrity sha512-JP2OVj1yU3TijCkOr9pg0lHeLzJd7LnOeUsSOmp+H9R/LTFCrYKDuFufI71S7zlupJNBQnq76SrJXdov0pdPNA==

"@stitches/react@0.1.0-canary.12":
  version "0.1.0-canary.12"
  resolved "https://registry.yarnpkg.com/@stitches/react/-/react-0.1.0-canary.12.tgz#ef38e0ecfa037ff7d7f3f21d5cdbbdd87ad6044a"
  integrity sha512-E6VsTJ2rKW89MTcfV0+PdzdFjA8GGjZ0sYFtG9f+IAXP73MGsNaHYKuulfMDDzCByFFMW9PkcDMH65xAMlyMvA==
  dependencies:
    "@stitches/core" "^0.1.0-canary.12"

"@types/prop-types@*":
  version "15.7.3"
  resolved "https://registry.yarnpkg.com/@types/prop-types/-/prop-types-15.7.3.tgz#2ab0d5da2e5815f94b0b9d4b95d1e5f243ab2ca7"
  integrity sha512-KfRL3PuHmqQLOG+2tGpRO26Ctg+Cq1E01D2DMriKEATHgWLfeNDmq9e29Q9WIky0dQ3NPkd1mzYH8Lm936Z9qw==

"@types/react-dom@^17.0.1":
  version "17.0.1"
  resolved "https://registry.yarnpkg.com/@types/react-dom/-/react-dom-17.0.1.tgz#d92d77d020bfb083e07cc8e0ac9f933599a4d56a"
  integrity sha512-yIVyopxQb8IDZ7SOHeTovurFq+fXiPICa+GV3gp0Xedsl+MwQlMLKmvrnEjFbQxjliH5YVAEWFh975eVNmKj7Q==
  dependencies:
    "@types/react" "*"

"@types/react@*", "@types/react@^17.0.2":
  version "17.0.2"
  resolved "https://registry.yarnpkg.com/@types/react/-/react-17.0.2.tgz#3de24c4efef902dd9795a49c75f760cbe4f7a5a8"
  integrity sha512-Xt40xQsrkdvjn1EyWe1Bc0dJLcil/9x2vAuW7ya+PuQip4UYUaXyhzWmAbwRsdMgwOFHpfp7/FFZebDU6Y8VHA==
  dependencies:
    "@types/prop-types" "*"
    csstype "^3.0.2"

"@xstate/fsm@^1.5.1":
  version "1.6.0"
  resolved "https://registry.yarnpkg.com/@xstate/fsm/-/fsm-1.6.0.tgz#589cefcef426d5bf3d654edbca89e84e3b637c5f"
  integrity sha512-YJpzKLPxMBUUQCTkjIbicsax6svTbPz5ykTkotIaa3kOoTnBJ4CWfC0cSQuMg7FAsfV2XWOuEsFq0dbmY7NtXg==

aria-hidden@^1.1.1:
  version "1.1.2"
  resolved "https://registry.yarnpkg.com/aria-hidden/-/aria-hidden-1.1.2.tgz#5354315a29bffdaced3993fccd826817dc8c5272"
  integrity sha512-WAMH9q3vRimVqP+B0q2eDvx7IPDoY17A2fWwj5atTA/zTYJCNcS6HJ5YErZ5FO3PUHhrV0y0yR1NA0dRNm913A==
  dependencies:
    tslib "^1.0.0"

csstype@^3.0.2:
  version "3.0.6"
  resolved "https://registry.yarnpkg.com/csstype/-/csstype-3.0.6.tgz#865d0b5833d7d8d40f4e5b8a6d76aea3de4725ef"
  integrity sha512-+ZAmfyWMT7TiIlzdqJgjMb7S4f1beorDbWbsocyK4RaiqA5RTX3K14bnBWmmA9QEM0gRdsjyyrEmcyga8Zsxmw==

csstype@^3.0.4:
  version "3.0.7"
  resolved "https://registry.yarnpkg.com/csstype/-/csstype-3.0.7.tgz#2a5fb75e1015e84dd15692f71e89a1450290950b"
  integrity sha512-KxnUB0ZMlnUWCsx2Z8MUsr6qV6ja1w9ArPErJaJaF8a5SOWoHLIszeCTKGRGRgtLgYrs1E8CHkNSP1VZTTPc9g==

detect-node-es@^1.0.0:
  version "1.0.0"
  resolved "https://registry.yarnpkg.com/detect-node-es/-/detect-node-es-1.0.0.tgz#c0318b9e539a5256ca780dd9575c9345af05b8ed"
  integrity sha512-S4AHriUkTX9FoFvL4G8hXDcx6t3gp2HpfCza3Q0v6S78gul2hKWifLQbeW+ZF89+hSm2ZIc/uF3J97ZgytgTRg==

get-nonce@^1.0.0:
  version "1.0.1"
  resolved "https://registry.yarnpkg.com/get-nonce/-/get-nonce-1.0.1.tgz#fdf3f0278073820d2ce9426c18f07481b1e0cdf3"
  integrity sha512-FJhYRoDaiatfEkUK8HKlicmu/3SGFD51q3itKDGoSTysQJBnfOcxU5GxnhE1E6soB76MbT0MBtnKJuXyAx+96Q==

invariant@^2.2.4:
  version "2.2.4"
  resolved "https://registry.yarnpkg.com/invariant/-/invariant-2.2.4.tgz#610f3c92c9359ce1db616e538008d23ff35158e6"
  integrity sha512-phJfQVBuaJM5raOpJjSfkiD6BpbCE4Ns//LaXl6wGYtUBY83nWS6Rf9tXm2e8VaK60JEjYldbPif/A2B1C2gNA==
  dependencies:
    loose-envify "^1.0.0"

"js-tokens@^3.0.0 || ^4.0.0":
  version "4.0.0"
  resolved "https://registry.yarnpkg.com/js-tokens/-/js-tokens-4.0.0.tgz#19203fb59991df98e3a287050d4647cdeaf32499"
  integrity sha512-RdJUflcE3cUzKiMqQgsCu06FPu9UdIJO0beYbPhHN4k6apgJtifcoCtT9bcxOpYBtpD2kCM6Sbzg4CausW/PKQ==

loose-envify@^1.0.0, loose-envify@^1.1.0:
  version "1.4.0"
  resolved "https://registry.yarnpkg.com/loose-envify/-/loose-envify-1.4.0.tgz#71ee51fa7be4caec1a63839f7e682d8132d30caf"
  integrity sha512-lyuxPGr/Wfhrlem2CL/UcnUc1zcqKAImBDzukY7Y5F/yQiNdko6+fRLevlw1HgMySw7f611UIY408EtxRSoK3Q==
  dependencies:
    js-tokens "^3.0.0 || ^4.0.0"

object-assign@^4.1.1:
  version "4.1.1"
  resolved "https://registry.yarnpkg.com/object-assign/-/object-assign-4.1.1.tgz#2109adc7965887cfc05cbbd442cac8bfbb360863"
  integrity sha1-IQmtx5ZYh8/AXLvUQsrIv7s2CGM=

react-dom@^17.0.1:
  version "17.0.1"
  resolved "https://registry.yarnpkg.com/react-dom/-/react-dom-17.0.1.tgz#1de2560474ec9f0e334285662ede52dbc5426fc6"
  integrity sha512-6eV150oJZ9U2t9svnsspTMrWNyHc6chX0KzDeAOXftRa8bNeOKTTfCJ7KorIwenkHd2xqVTBTCZd79yk/lx/Ug==
  dependencies:
    loose-envify "^1.1.0"
    object-assign "^4.1.1"
    scheduler "^0.20.1"

react-remove-scroll-bar@^2.1.0:
  version "2.2.0"
  resolved "https://registry.yarnpkg.com/react-remove-scroll-bar/-/react-remove-scroll-bar-2.2.0.tgz#d4d545a7df024f75d67e151499a6ab5ac97c8cdd"
  integrity sha512-UU9ZBP1wdMR8qoUs7owiVcpaPwsQxUDC2lypP6mmixaGlARZa7ZIBx1jcuObLdhMOvCsnZcvetOho0wzPa9PYg==
  dependencies:
    react-style-singleton "^2.1.0"
    tslib "^1.0.0"

react-remove-scroll@^2.4.0:
  version "2.4.1"
  resolved "https://registry.yarnpkg.com/react-remove-scroll/-/react-remove-scroll-2.4.1.tgz#e0af6126621083a5064591d367291a81b2d107f5"
  integrity sha512-K7XZySEzOHMTq7dDwcHsZA6Y7/1uX5RsWhRXVYv8rdh+y9Qz2nMwl9RX/Mwnj/j7JstCGmxyfyC0zbVGXYh3mA==
  dependencies:
    react-remove-scroll-bar "^2.1.0"
    react-style-singleton "^2.1.0"
    tslib "^1.0.0"
    use-callback-ref "^1.2.3"
    use-sidecar "^1.0.1"

react-style-singleton@^2.1.0:
  version "2.1.1"
  resolved "https://registry.yarnpkg.com/react-style-singleton/-/react-style-singleton-2.1.1.tgz#ce7f90b67618be2b6b94902a30aaea152ce52e66"
  integrity sha512-jNRp07Jza6CBqdRKNgGhT3u9umWvils1xsuMOjZlghBDH2MU0PL2WZor4PGYjXpnRCa9DQSlHMs/xnABWOwYbA==
  dependencies:
    get-nonce "^1.0.0"
    invariant "^2.2.4"
    tslib "^1.0.0"

react@^17.0.1:
  version "17.0.1"
  resolved "https://registry.yarnpkg.com/react/-/react-17.0.1.tgz#6e0600416bd57574e3f86d92edba3d9008726127"
  integrity sha512-lG9c9UuMHdcAexXtigOZLX8exLWkW0Ku29qPRU8uhF2R9BN96dLCt0psvzPLlHc5OWkgymP3qwTRgbnw5BKx3w==
  dependencies:
    loose-envify "^1.1.0"
    object-assign "^4.1.1"

scheduler@^0.20.1:
  version "0.20.1"
  resolved "https://registry.yarnpkg.com/scheduler/-/scheduler-0.20.1.tgz#da0b907e24026b01181ecbc75efdc7f27b5a000c"
  integrity sha512-LKTe+2xNJBNxu/QhHvDR14wUXHRQbVY5ZOYpOGWRzhydZUqrLb2JBvLPY7cAqFmqrWuDED0Mjk7013SZiOz6Bw==
  dependencies:
    loose-envify "^1.1.0"
    object-assign "^4.1.1"

tslib@^1.0.0, tslib@^1.9.3:
  version "1.14.1"
  resolved "https://registry.yarnpkg.com/tslib/-/tslib-1.14.1.tgz#cf2d38bdc34a134bcaf1091c41f6619e2f672d00"
  integrity sha512-Xni35NKzjgMrwevysHTCArtLDpPvye8zV/0E4EyYn43P7/7qvQwPh9BGkHewbMulVntbigmcT7rdX3BNo9wRJg==

tslib@^2.1.0:
  version "2.1.0"
  resolved "https://registry.yarnpkg.com/tslib/-/tslib-2.1.0.tgz#da60860f1c2ecaa5703ab7d39bc05b6bf988b97a"
  integrity sha512-hcVC3wYEziELGGmEEXue7D75zbwIIVUMWAVbHItGPx0ziyXxrOMQx4rQEVEV45Ut/1IotuEvwqPopzIOkDMf0A==

typescript@^4.1.5:
  version "4.1.5"
  resolved "https://registry.yarnpkg.com/typescript/-/typescript-4.1.5.tgz#123a3b214aaff3be32926f0d8f1f6e704eb89a72"
  integrity sha512-6OSu9PTIzmn9TCDiovULTnET6BgXtDYL4Gg4szY+cGsc3JP1dQL8qvE8kShTRx1NIw4Q9IBHlwODjkjWEtMUyA==

use-callback-ref@^1.2.3:
  version "1.2.5"
  resolved "https://registry.yarnpkg.com/use-callback-ref/-/use-callback-ref-1.2.5.tgz#6115ed242cfbaed5915499c0a9842ca2912f38a5"
  integrity sha512-gN3vgMISAgacF7sqsLPByqoePooY3n2emTH59Ur5d/M8eg4WTWu1xp8i8DHjohftIyEx0S08RiYxbffr4j8Peg==

use-sidecar@^1.0.1:
  version "1.0.4"
  resolved "https://registry.yarnpkg.com/use-sidecar/-/use-sidecar-1.0.4.tgz#38398c3723727f9f924bed2343dfa3db6aaaee46"
  integrity sha512-A5ggIS3/qTdxCAlcy05anO2/oqXOfpmxnpRE1Jm+fHHtCvUvNSZDGqgOSAXPriBVAcw2fMFFkh5v5KqrFFhCMA==
  dependencies:
    detect-node-es "^1.0.0"
    tslib "^1.9.3"
